
Microsoft Visual Studio Solution File, Format Version 12.00
# Visual Studio Version 17
VisualStudioVersion = 17.0.31903.59
MinimumVisualStudioVersion = 10.0.40219.1
Project("{FAE04EC0-301F-11D3-BF4B-00C04F79EFBC}") = "stack and queue", "stack and queue\stack and queue.csproj", "{52899D64-A18A-4FC5-9900-8ACE1EAE35DC}"
EndProject
Global
	GlobalSection(SolutionConfigurationPlatforms) = preSolution
		Debug|Any CPU = Debug|Any CPU
		Release|Any CPU = Release|Any CPU
	EndGlobalSection
	GlobalSection(ProjectConfigurationPlatforms) = postSolution
		{52899D64-A18A-4FC5-9900-8ACE1EAE35DC}.Debug|Any CPU.ActiveCfg = Debug|Any CPU
		{52899D64-A18A-4FC5-9900-8ACE1EAE35DC}.Debug|Any CPU.Build.0 = Debug|Any CPU
		{52899D64-A18A-4FC5-9900-8ACE1EAE35DC}.Release|Any CPU.ActiveCfg = Release|Any CPU
		{52899D64-A18A-4FC5-9900-8ACE1EAE35DC}.Release|Any CPU.Build.0 = Release|Any CPU
	EndGlobalSection
	GlobalSection(SolutionProperties) = preSolution
		HideSolutionNode = FALSE
	EndGlobalSection
EndGlobal
