
Microsoft Visual Studio Solution File, Format Version 12.00
# Visual Studio 2012
Project("{FAE04EC0-301F-11D3-BF4B-00C04F79EFBC}") = "ConsoleApplication1", "ConsoleApplication1\ConsoleApplication1.csproj", "{066EB617-1F1B-4683-BA0E-973B34D53391}"
EndProject
Project("{FAE04EC0-301F-11D3-BF4B-00C04F79EFBC}") = "ConsoleApplication2 With Async Await", "ConsoleApplication2 With Async Await\ConsoleApplication2 With Async Await.csproj", "{C9D86FFF-32C5-4141-9AB4-E4AA055741AF}"
EndProject
Global
	GlobalSection(SolutionConfigurationPlatforms) = preSolution
		Debug|Any CPU = Debug|Any CPU
		Release|Any CPU = Release|Any CPU
	EndGlobalSection
	GlobalSection(ProjectConfigurationPlatforms) = postSolution
		{066EB617-1F1B-4683-BA0E-973B34D53391}.Debug|Any CPU.ActiveCfg = Debug|Any CPU
		{066EB617-1F1B-4683-BA0E-973B34D53391}.Debug|Any CPU.Build.0 = Debug|Any CPU
		{066EB617-1F1B-4683-BA0E-973B34D53391}.Release|Any CPU.ActiveCfg = Release|Any CPU
		{066EB617-1F1B-4683-BA0E-973B34D53391}.Release|Any CPU.Build.0 = Release|Any CPU
		{C9D86FFF-32C5-4141-9AB4-E4AA055741AF}.Debug|Any CPU.ActiveCfg = Debug|Any CPU
		{C9D86FFF-32C5-4141-9AB4-E4AA055741AF}.Debug|Any CPU.Build.0 = Debug|Any CPU
		{C9D86FFF-32C5-4141-9AB4-E4AA055741AF}.Release|Any CPU.ActiveCfg = Release|Any CPU
		{C9D86FFF-32C5-4141-9AB4-E4AA055741AF}.Release|Any CPU.Build.0 = Release|Any CPU
	EndGlobalSection
	GlobalSection(SolutionProperties) = preSolution
		HideSolutionNode = FALSE
	EndGlobalSection
EndGlobal
