
Microsoft Visual Studio Solution File, Format Version 12.00
# Visual Studio 2012
Project("{FAE04EC0-301F-11D3-BF4B-00C04F79EFBC}") = "test extension method", "test extension method\test extension method.csproj", "{A1D8192C-DA80-4567-B4BD-EF0B3B6B6746}"
EndProject
Global
	GlobalSection(SolutionConfigurationPlatforms) = preSolution
		Debug|Any CPU = Debug|Any CPU
		Release|Any CPU = Release|Any CPU
	EndGlobalSection
	GlobalSection(ProjectConfigurationPlatforms) = postSolution
		{A1D8192C-DA80-4567-B4BD-EF0B3B6B6746}.Debug|Any CPU.ActiveCfg = Debug|Any CPU
		{A1D8192C-DA80-4567-B4BD-EF0B3B6B6746}.Debug|Any CPU.Build.0 = Debug|Any CPU
		{A1D8192C-DA80-4567-B4BD-EF0B3B6B6746}.Release|Any CPU.ActiveCfg = Release|Any CPU
		{A1D8192C-DA80-4567-B4BD-EF0B3B6B6746}.Release|Any CPU.Build.0 = Release|Any CPU
	EndGlobalSection
	GlobalSection(SolutionProperties) = preSolution
		HideSolutionNode = FALSE
	EndGlobalSection
EndGlobal
